github.com/RoaringBitmap/roaring v0.4.3 h1:yxXr4bGSHPxzW+oJ7U6rek8rJt2437M7kmkNsgoR++s=
github.com/RoaringBitmap/roaring v0.4.3/go.mod h1:8khRDP4HmeXns4xIj9oGrKSz7XTQiJx2zgh7AcNke4w=
github.com/cespare/xxhash v1.0.0 h1:naDmySfoNg0nKS62/ujM6e71ZgM2AoVdaqGwMG0w18A=
github.com/cespare/xxhash v1.0.0/go.mod h1:fX/lfQBkSCDXZSUgv6jVIu/EVA3/JNseAX5asI4c4T4=
github.com/dgryski/go-bitstream v0.0.0-20160701042932-7d46cd22db70 h1:nPNx7SDeehSoBSfYSnzHVjQdQtS4KSnqmLx0npQfmnI=
github.com/dgryski/go-bitstream v0.0.0-20160701042932-7d46cd22db70/go.mod h1:VMaSuZ+SZcx/wljOQKvp5srsbCiKDEb6K2wC4+PiBmQ=
github.com/fsnotify/fsnotify v1.4.7 h1:IXs+QLmnXW2CcXuY+8Mzv/fWEsPGWxqefPtCP5CnV9I=
github.com/fsnotify/fsnotify v1.4.7/go.mod h1:jwhsz4b93w/PPRr/qN1Yymfu8t87LnFCMoQvtojpjFo=
github.com/glycerine/go-unsnap-stream v0.0.0-20171127062821-62a9a9eb44fd h1:f+V6G35pXW+wB7wqe3dcbRTeCk1J07CcpzM80nhxbBs=
github.com/glycerine/go-unsnap-stream v0.0.0-20171127062821-62a9a9eb44fd/go.mod h1:/20jfyN9Y5QPEAprSgKAUr+glWDY39ZiUEAYOEv5dsE=
github.com/gogo/protobuf v1.0.0 h1:2jyBKDKU/8v3v2xVR2PtiWQviFUyiaGk2rpfyFT8rTM=
github.com/gogo/protobuf v1.0.0/go.mod h1:r8qH/GZQm5c6nD/R0oafs1akxWv10x8SbQlK7atdtwQ=
github.com/golang/snappy v0.0.0-20160529050041-d9eb7a3d35ec h1:ZaSUjYC8aWT/om43c8YVz0SqjT8ABtqw7REbZGsCroE=
github.com/golang/snappy v0.0.0-20160529050041-d9eb7a3d35ec/go.mod h1:/XxbfmMg8lxefKM7IXC3fBNl/7bRcc72aCRzEWrmP2Q=
github.com/hashicorp/hcl v0.0.0-20180404174102-ef8a98b0bbce h1:xdsDDbiBDQTKASoGEZ+pEmF1OnWuu8AQ9I8iNbHNeno=
github.com/hashicorp/hcl v0.0.0-20180404174102-ef8a98b0bbce/go.mod h1:oZtUIOe8dh44I2q6ScRibXws4Ajl+d+nod3AaR9vL5w=
github.com/inconshreveable/mousetrap v1.0.0 h1:Z8tu5sraLXCXIcARxBp/8cbvlwVa7Z1NHg9XEKhtSvM=
github.com/inconshreveable/mousetrap v1.0.0/go.mod h1:PxqpIevigyE2G7u3NXJIT2ANytuPF1OarO4DADm73n8=
github.com/influxdata/influxdb v0.0.0-20180321204609-aa61359cc74f h1:uUui3iVY3nltP9n1//ZjjQ9oLJcxAYUGhgI5A0e1Hok=
github.com/influxdata/influxdb v0.0.0-20180321204609-aa61359cc74f/go.mod h1:qZna6X/4elxqT3yI9iZYdZrWWdeFOOprn86kgg4+IzY=
github.com/influxdata/influxql v0.0.0-20180313172256-53bc9c15f65b h1:+5XLw826/xh8H62oRHCSpUYq3S0E11Eqq33mGdZbJDE=
github.com/influxdata/influxql v0.0.0-20180313172256-53bc9c15f65b/go.mod h1:KpVI7okXjK6PRi3Z5B+mtKZli+R1DnZgb3N+tzevNgo=
github.com/jsternberg/zap-logfmt v1.0.0 h1:0Dz2s/eturmdUS34GM82JwNEdQ9hPoJgqptcEKcbpzY=
github.com/jsternberg/zap-logfmt v1.0.0/go.mod h1:uvPs/4X51zdkcm5jXl5SYoN+4RK21K8mysFmDaM/h+o=
github.com/jwilder/encoding v0.0.0-20170209172441-27894731927e h1:0wx5faHSFfbYFKa8M/TnQ/x1lNUJZqHwnAL/hLQ+VnA=
github.com/jwilder/encoding v0.0.0-20170209172441-27894731927e/go.mod h1:Ct9fl0F6iIOGgxJ5npU/IUOhOhqlVrGjyIZc8/MagT0=
github.com/magiconair/properties v1.8.0 h1:LLgXmsheXeRoUOBOjtwPQCWIYqM/LU1ayDtDePerRcY=
github.com/magiconair/properties v1.8.0/go.mod h1:PppfXfuXeibc/6YijjN8zIbojt8czPbwD3XqdrwzmxQ=
github.com/mattn/go-isatty v0.0.4 h1:bnP0vzxcAdeI1zdubAl5PjU6zsERjGZb7raWodagDYs=
github.com/mattn/go-isatty v0.0.4/go.mod h1:M+lRXTBqGeGNdLjl/ufCoiOlB5xdOkqRJdNxMWT7Zi4=
github.com/mitchellh/go-homedir v0.0.0-20180523094522-3864e76763d9 h1:Y94YB7jrsihrbGSqRNMwRWJ2/dCxr0hdC2oPRohkx0A=
github.com/mitchellh/go-homedir v0.0.0-20180523094522-3864e76763d9/go.mod h1:SfyaCUpYCn1Vlf4IUYiD9fPX4A5wJrkLzIz1N1q0pr0=
github.com/mitchellh/mapstructure v0.0.0-20180511142126-bb74f1db0675 h1:/rdJjIiKG5rRdwG5yxHmSE/7ZREjpyC0kL7GxGT/qJw=
github.com/mitchellh/mapstructure v0.0.0-20180511142126-bb74f1db0675/go.mod h1:FVVH3fgwuzCH5S8UJGiWEs2h04kUh9fWfEaFds41c1Y=
github.com/mschoch/smat v0.0.0-20160514031455-90eadee771ae h1:VeRdUYdCw49yizlSbMEn2SZ+gT+3IUKx8BqxyQdz+BY=
github.com/mschoch/smat v0.0.0-20160514031455-90eadee771ae/go.mod h1:qAyveg+e4CE+eKJXWVjKXM4ck2QobLqTDytGJbLLhJg=
github.com/pelletier/go-toml v1.2.0 h1:T5zMGML61Wp+FlcbWjRDT7yAxhJNAiPPLOFECq181zc=
github.com/pelletier/go-toml v1.2.0/go.mod h1:5z9KED0ma1S8pY6P1sdut58dfprrGBbd/94hg7ilaic=
github.com/philhofer/fwd v1.0.0 h1:UbZqGr5Y38ApvM/V/jEljVxwocdweyH+vmYvRPBnbqQ=
github.com/philhofer/fwd v1.0.0/go.mod h1:gk3iGcWd9+svBvR0sR+KPcfE+RNWozjowpeBVG3ZVNU=
github.com/spf13/afero v1.1.0 h1:bopulORc2JeYaxfHLvJa5NzxviA9PoWhpiiJkru7Ji4=
github.com/spf13/afero v1.1.0/go.mod h1:j4pytiNVoe2o6bmDsKpLACNPDBIoEAkihy7loJ1B0CQ=
github.com/spf13/cast v1.2.0 h1:HHl1DSRbEQN2i8tJmtS6ViPyHx35+p51amrdsiTCrkg=
github.com/spf13/cast v1.2.0/go.mod h1:r2rcYCSwa1IExKTDiTfzaxqT2FNHs8hODu4LnUfgKEg=
github.com/spf13/cobra v0.0.0-20180531180338-1e58aa3361fd h1:81M+Gt4SwR+KFuvy7qiAQhiVY8qPFxwn50AsV3yRGdk=
github.com/spf13/cobra v0.0.0-20180531180338-1e58aa3361fd/go.mod h1:1l0Ry5zgKvJasoi3XT1TypsSe7PqH0Sj9dhYf7v3XqQ=
github.com/spf13/jwalterweatherman v0.0.0-20180109140146-7c0cea34c8ec h1:2ZXvIUGghLpdTVHR1UfvfrzoVlZaE/yOWC5LueIHZig=
github.com/spf13/jwalterweatherman v0.0.0-20180109140146-7c0cea34c8ec/go.mod h1:cQK4TGJAtQXfYWX+Ddv3mKDzgVb68N+wFjFa4jdeBTo=
github.com/spf13/pflag v1.0.1 h1:aCvUg6QPl3ibpQUxyLkrEkCHtPqYJL4x9AuhqVqFis4=
github.com/spf13/pflag v1.0.1/go.mod h1:DYY7MBk1bdzusC3SYhjObp+wFpr4gzcvqqNjLnInEg4=
github.com/spf13/viper v1.0.2 h1:Ncr3ZIuJn322w2k1qmzXDnkLAdQMlJqBa9kfAH+irso=
github.com/spf13/viper v1.0.2/go.mod h1:A8kyI5cUJhb8N+3pkfONlcEcZbueH6nhAm0Fq7SrnBM=
github.com/tinylib/msgp v1.0.2 h1:DfdQrzQa7Yh2es9SuLkixqxuXS2SxsdYn0KbdrOGWD8=
github.com/tinylib/msgp v1.0.2/go.mod h1:+d+yLhGm8mzTaHzB+wgMYrodPfmZrzkirds8fDWklFE=
github.com/willf/bitset v1.1.3 h1:ekJIKh6+YbUIVt9DfNbkR5d6aFcFTLDRyJNAACURBg8=
github.com/willf/bitset v1.1.3/go.mod h1:RjeCKbqT1RxIR/KWY6phxZiaY1IyutSBfGjNPySAYV4=
github.com/xlab/treeprint v0.0.0-20170825145633-06dfc6fa17cd h1:aelIcg2h93J4ASz0dhobgtaL173YaE4lZ3kWqJ1DltM=
github.com/xlab/treeprint v0.0.0-20170825145633-06dfc6fa17cd/go.mod h1:ce1O1j6UtZfjr22oyGxGLbauSBp2YVXpARAosm7dHBg=
github.com/yuin/gopher-lua v0.0.0-20181008131706-f6fcaab0c612 h1:xQVhFpsxSKDgTNFDM99bwNrsxz5ozRCqcaZ3xbnnnUA=
github.com/yuin/gopher-lua v0.0.0-20181008131706-f6fcaab0c612/go.mod h1:aEV29XrmTYFr3CiRxZeGHpkvbwq+prZduBqMaascyCU=
go.uber.org/atomic v1.3.1 h1:U8WaWEmp56LGz7PReduqHRVF6zzs9GbMC2NEZ42dxSQ=
go.uber.org/atomic v1.3.1/go.mod h1:gD2HeocX3+yG+ygLZcrzQJaqmWj9AIm7n08wl/qW/PE=
go.uber.org/multierr v1.1.0 h1:HoEmRHQPVSqub6w2z2d2EOVs2fjyFRGyofhKuyDq0QI=
go.uber.org/multierr v1.1.0/go.mod h1:wR5kodmAFQ0UK8QlbwjlSNy0Z68gJhDJUG5sjR94q/0=
go.uber.org/zap v1.7.1 h1:wKPciimwkIgV4Aag/wpSDzvtO5JrfwdHKHO7blTHx7Q=
go.uber.org/zap v1.7.1/go.mod h1:vwi/ZaCAaUcBkycHslxD9B2zi4UTXhF60s6SWpuDF0Q=
golang.org/x/crypto v0.0.0-20161031180806-9477e0b78b9a h1:Esnda2KnXoH6s+xVTf9zaZg3o4p6d9C25WBNxxDHwOU=
golang.org/x/crypto v0.0.0-20161031180806-9477e0b78b9a/go.mod h1:6SG95UA2DQfeDnfUPMdvaQW0Q7yPrPDi9nlGo2tz2b4=
golang.org/x/net v0.0.0-20180314180242-e0c57d8f86c1 h1:bvdOgH8RHIWcCP5Scuwy/MvK15H8DM6SR1kyLdGfV/4=
golang.org/x/net v0.0.0-20180314180242-e0c57d8f86c1/go.mod h1:mL1N/T3taQHkDXs73rZJwtUhF3w3ftmwwsq0BUmARs4=
golang.org/x/sync v0.0.0-20171101214715-fd80eb99c8f6 h1:UWryf0el5qwmY5cBTqoyWVa4RPACJRSurjt+KoT0fF0=
golang.org/x/sync v0.0.0-20171101214715-fd80eb99c8f6/go.mod h1:RxMgew5VJxzue5/jJTE5uejpjVlOe/izrB70Jof72aM=
golang.org/x/sys v0.0.0-20170912235404-062cd7e4e682 h1:11eWuNtQK8nv2LbFggEubMthxp+Lc+oqA3ZLD6DQFew=
golang.org/x/sys v0.0.0-20170912235404-062cd7e4e682/go.mod h1:STP8DvDyc/dI5b8T5hshtkjS+E42TnysNCUPdjciGhY=
golang.org/x/text v0.3.0 h1:g61tztE5qeGQ89tm6NTjjM9VPIm088od1l6aSorWRWg=
golang.org/x/text v0.3.0/go.mod h1:NqM8EUOU14njkJ3fqMW+pc6Ldnwhi/IjpwHt7yyuwOQ=
golang.org/x/time v0.0.0-20170927054726-6dc17368e09b h1:3X+R0qq1+64izd8es+EttB6qcY+JDlVmAhpRXl7gpzU=
golang.org/x/time v0.0.0-20170927054726-6dc17368e09b/go.mod h1:tRJNPiyCQ0inRvYxbN9jk5I+vvW/OXSQhTDSoE431IQ=
gopkg.in/check.v1 v0.0.0-20161208181325-20d25e280405/go.mod h1:Co6ibVJAznAaIkqp8huTwlJQCZ016jof/cbN4VW5Yz0=
gopkg.in/yaml.v2 v2.2.1 h1:mUhvW9EsL+naU5Q3cakzfE91YhliOondGd6ZrsDBHQE=
gopkg.in/yaml.v2 v2.2.1/go.mod h1:hI93XBmqTisBFMUTm0b8Fm+jr3Dg1NNxqwp+5A1VGuI=
