# This file is autogenerated, do not edit; changes may be undone by the next 'dep ensure'.


[[projects]]
  name = "github.com/cespare/xxhash"
  packages = ["."]
  revision = "5c37fe3735342a2e0d01c87a907579987c8936cc"
  version = "v1.0.0"

[[projects]]
  branch = "master"
  name = "github.com/dgryski/go-bits"
  packages = ["."]
  revision = "2ad8d707cc05b1815ce6ff2543bb5e8d8f9298ef"

[[projects]]
  branch = "master"
  name = "github.com/dgryski/go-bitstream"
  packages = ["."]
  revision = "7d46cd22db7004f0cceb6f7975824b560cf0e486"

[[projects]]
  name = "github.com/gogo/protobuf"
  packages = ["gogoproto","proto","protoc-gen-gogo/descriptor","sortkeys","types"]
  revision = "342cbe0a04158f6dcb03ca0079991a51a4248c02"
  version = "v0.5"

[[projects]]
  branch = "master"
  name = "github.com/golang/snappy"
  packages = ["."]
  revision = "553a641470496b2327abcac10b36396bd98e45c9"

[[projects]]
  branch = "master"
  name = "github.com/influxdata/influxdb"
  packages = [".","models","monitor/diagnostics","pkg/bits","pkg/bloom","pkg/bytesutil","pkg/escape","pkg/estimator","pkg/estimator/hll","pkg/file","pkg/limiter","pkg/metrics","pkg/mmap","pkg/pool","pkg/rhh","pkg/tracing","pkg/tracing/fields","pkg/tracing/labels","pkg/tracing/wire","query","query/internal","query/neldermead","services/meta","services/meta/internal","toml","tsdb","tsdb/engine/tsm1","tsdb/index","tsdb/index/inmem","tsdb/index/tsi1","tsdb/internal"]
  revision = "fd11e200c8b2e4d23c31945e330b2768b83d46f5"

[[projects]]
  branch = "master"
  name = "github.com/influxdata/influxql"
  packages = [".","internal"]
  revision = "c108c5fb9a432242754d18371795aa8099e73fe7"

[[projects]]
  branch = "master"
  name = "github.com/jwilder/encoding"
  packages = ["simple8b"]
  revision = "b4e1701a28efcc637d9afcca7d38e495fe909a09"

[[projects]]
  branch = "master"
  name = "github.com/xlab/treeprint"
  packages = ["."]
  revision = "06dfc6fa17cdde904617990a0c2d89e3e332dbb3"

[[projects]]
  name = "go.uber.org/atomic"
  packages = ["."]
  revision = "8474b86a5a6f79c443ce4b2992817ff32cf208b8"
  version = "v1.3.1"

[[projects]]
  name = "go.uber.org/multierr"
  packages = ["."]
  revision = "3c4937480c32f4c13a875a1829af76c98ca3d40a"
  version = "v1.1.0"

[[projects]]
  name = "go.uber.org/zap"
  packages = [".","buffer","internal/bufferpool","internal/color","internal/exit","zapcore"]
  revision = "35aad584952c3e7020db7b839f6b102de6271f89"

[[projects]]
  branch = "master"
  name = "golang.org/x/crypto"
  packages = ["bcrypt","blowfish"]
  revision = "94eea52f7b742c7cbe0b03b22f0c4c8631ece122"

[[projects]]
  branch = "master"
  name = "golang.org/x/sys"
  packages = ["unix"]
  revision = "8b4580aae2a0dd0c231a45d3ccb8434ff533b840"

[solve-meta]
  analyzer-name = "dep"
  analyzer-version = 1
  inputs-digest = "32ae4a6ccbcf1ec5a719c4aded7c4445c6dd9ecd0bce3589ac1c5c543eaa0976"
  solver-name = "gps-cdcl"
  solver-version = 1
